# THIS IS AN AUTOGENERATED FILE. DO NOT EDIT THIS FILE DIRECTLY.
# yarn lockfile v1


"@openzeppelin/contracts-upgradeable@^4.8.1":
  "integrity" "sha512-1wTv+20lNiC0R07jyIAbHU7TNHKRwGiTGRfiNnA8jOWjKT98g5OgLpYWOi40Vgpk8SPLA9EvfJAbAeIyVn+7Bw=="
  "resolved" "https://registry.npmmirror.com/@openzeppelin/contracts-upgradeable/-/contracts-upgradeable-4.8.1.tgz"
  "version" "4.8.1"

"@openzeppelin/contracts@^4.8.1":
  "integrity" "sha512-xQ6eUZl+RDyb/FiZe1h+U7qr/f4p/SrTSQcTPH2bjur3C5DbuW/zFgCU/b1P/xcIaEqJep+9ju4xDRi3rmChdQ=="
  "resolved" "https://registry.npmmirror.com/@openzeppelin/contracts/-/contracts-4.8.1.tgz"
  "version" "4.8.1"
